
Microsoft Visual Studio Solution File, Format Version 12.00
# Visual Studio Version 17
VisualStudioVersion = 17.9.34607.119
MinimumVisualStudioVersion = 10.0.40219.1
Project("{8BC9CEB8-8B4A-11D0-8D11-00A0C91BC942}") = "ParadigamaOOPPart1", "ParadigamaOOPPart1.vcxproj", "{B90550E8-6FF2-4C0D-8818-A5339E808597}"
EndProject
Project("{8BC9CEB8-8B4A-11D0-8D11-00A0C91BC942}") = "no Overriding", "no Overriding\no Overriding.vcxproj", "{D2DA7FA4-6BC8-41BB-AC33-5DA296A6E2FB}"
EndProject
Project("{8BC9CEB8-8B4A-11D0-8D11-00A0C91BC942}") = "noPewarisan1", "noPewarisan1\noPewarisan1.vcxproj", "{0E206A46-A8FB-40B6-81E1-F89E2C4EC54E}"
EndProject
Project("{8BC9CEB8-8B4A-11D0-8D11-00A0C91BC942}") = "enkapsulasi", "noPewarisan\enkapsulasi\enkapsulasi.vcxproj", "{3D0B18D9-D3AC-4BCF-9B35-4D38972F437F}"
EndProject
Global
	GlobalSection(SolutionConfigurationPlatforms) = preSolution
		Debug|x64 = Debug|x64
		Debug|x86 = Debug|x86
		Release|x64 = Release|x64
		Release|x86 = Release|x86
	EndGlobalSection
	GlobalSection(ProjectConfigurationPlatforms) = postSolution
		{B90550E8-6FF2-4C0D-8818-A5339E808597}.Debug|x64.ActiveCfg = Debug|x64
		{B90550E8-6FF2-4C0D-8818-A5339E808597}.Debug|x64.Build.0 = Debug|x64
		{B90550E8-6FF2-4C0D-8818-A5339E808597}.Debug|x86.ActiveCfg = Debug|Win32
		{B90550E8-6FF2-4C0D-8818-A5339E808597}.Debug|x86.Build.0 = Debug|Win32
		{B90550E8-6FF2-4C0D-8818-A5339E808597}.Release|x64.ActiveCfg = Release|x64
		{B90550E8-6FF2-4C0D-8818-A5339E808597}.Release|x64.Build.0 = Release|x64
		{B90550E8-6FF2-4C0D-8818-A5339E808597}.Release|x86.ActiveCfg = Release|Win32
		{B90550E8-6FF2-4C0D-8818-A5339E808597}.Release|x86.Build.0 = Release|Win32
		{D2DA7FA4-6BC8-41BB-AC33-5DA296A6E2FB}.Debug|x64.ActiveCfg = Debug|x64
		{D2DA7FA4-6BC8-41BB-AC33-5DA296A6E2FB}.Debug|x64.Build.0 = Debug|x64
		{D2DA7FA4-6BC8-41BB-AC33-5DA296A6E2FB}.Debug|x86.ActiveCfg = Debug|Win32
		{D2DA7FA4-6BC8-41BB-AC33-5DA296A6E2FB}.Debug|x86.Build.0 = Debug|Win32
		{D2DA7FA4-6BC8-41BB-AC33-5DA296A6E2FB}.Release|x64.ActiveCfg = Release|x64
		{D2DA7FA4-6BC8-41BB-AC33-5DA296A6E2FB}.Release|x64.Build.0 = Release|x64
		{D2DA7FA4-6BC8-41BB-AC33-5DA296A6E2FB}.Release|x86.ActiveCfg = Release|Win32
		{D2DA7FA4-6BC8-41BB-AC33-5DA296A6E2FB}.Release|x86.Build.0 = Release|Win32
		{0E206A46-A8FB-40B6-81E1-F89E2C4EC54E}.Debug|x64.ActiveCfg = Debug|x64
		{0E206A46-A8FB-40B6-81E1-F89E2C4EC54E}.Debug|x64.Build.0 = Debug|x64
		{0E206A46-A8FB-40B6-81E1-F89E2C4EC54E}.Debug|x86.ActiveCfg = Debug|Win32
		{0E206A46-A8FB-40B6-81E1-F89E2C4EC54E}.Debug|x86.Build.0 = Debug|Win32
		{0E206A46-A8FB-40B6-81E1-F89E2C4EC54E}.Release|x64.ActiveCfg = Release|x64
		{0E206A46-A8FB-40B6-81E1-F89E2C4EC54E}.Release|x64.Build.0 = Release|x64
		{0E206A46-A8FB-40B6-81E1-F89E2C4EC54E}.Release|x86.ActiveCfg = Release|Win32
		{0E206A46-A8FB-40B6-81E1-F89E2C4EC54E}.Release|x86.Build.0 = Release|Win32
		{3D0B18D9-D3AC-4BCF-9B35-4D38972F437F}.Debug|x64.ActiveCfg = Debug|x64
		{3D0B18D9-D3AC-4BCF-9B35-4D38972F437F}.Debug|x64.Build.0 = Debug|x64
		{3D0B18D9-D3AC-4BCF-9B35-4D38972F437F}.Debug|x86.ActiveCfg = Debug|Win32
		{3D0B18D9-D3AC-4BCF-9B35-4D38972F437F}.Debug|x86.Build.0 = Debug|Win32
		{3D0B18D9-D3AC-4BCF-9B35-4D38972F437F}.Release|x64.ActiveCfg = Release|x64
		{3D0B18D9-D3AC-4BCF-9B35-4D38972F437F}.Release|x64.Build.0 = Release|x64
		{3D0B18D9-D3AC-4BCF-9B35-4D38972F437F}.Release|x86.ActiveCfg = Release|Win32
		{3D0B18D9-D3AC-4BCF-9B35-4D38972F437F}.Release|x86.Build.0 = Release|Win32
	EndGlobalSection
	GlobalSection(SolutionProperties) = preSolution
		HideSolutionNode = FALSE
	EndGlobalSection
	GlobalSection(ExtensibilityGlobals) = postSolution
		SolutionGuid = {98C8E049-C3BF-4BA1-A9EF-483E761AD22B}
	EndGlobalSection
EndGlobal
